// !$*UTF8*$!
{
	archiveVersion = 1;
	classes = {
	};
	objectVersion = 55;
	objects = {

/* Begin PBXBuildFile section */
		D8A033A228BA384E00D56A39 /* AppDelegate.swift in Sources */ = {isa = PBXBuildFile; fileRef = D8A033A128BA384E00D56A39 /* AppDelegate.swift */; };
		D8A033A428BA384E00D56A39 /* SceneDelegate.swift in Sources */ = {isa = PBXBuildFile; fileRef = D8A033A328BA384E00D56A39 /* SceneDelegate.swift */; };
		D8A033A928BA384E00D56A39 /* Main.storyboard in Resources */ = {isa = PBXBuildFile; fileRef = D8A033A728BA384E00D56A39 /* Main.storyboard */; };
		D8A033AB28BA384F00D56A39 /* Assets.xcassets in Resources */ = {isa = PBXBuildFile; fileRef = D8A033AA28BA384F00D56A39 /* Assets.xcassets */; };
		D8A033AE28BA384F00D56A39 /* LaunchScreen.storyboard in Resources */ = {isa = PBXBuildFile; fileRef = D8A033AC28BA384F00D56A39 /* LaunchScreen.storyboard */; };
		D8A033C328BA384F00D56A39 /* MVP_SOLID_TDDUITests.swift in Sources */ = {isa = PBXBuildFile; fileRef = D8A033C228BA384F00D56A39 /* MVP_SOLID_TDDUITests.swift */; };
		D8A033C528BA384F00D56A39 /* MVP_SOLID_TDDUITestsLaunchTests.swift in Sources */ = {isa = PBXBuildFile; fileRef = D8A033C428BA384F00D56A39 /* MVP_SOLID_TDDUITestsLaunchTests.swift */; };
		D8A033DD28BA3A0C00D56A39 /* MainViewController.swift in Sources */ = {isa = PBXBuildFile; fileRef = D8A033DC28BA3A0C00D56A39 /* MainViewController.swift */; };
		D8A033DF28BA3A1B00D56A39 /* MainViewPresenter.swift in Sources */ = {isa = PBXBuildFile; fileRef = D8A033DE28BA3A1B00D56A39 /* MainViewPresenter.swift */; };
		D8A033E328BA42AC00D56A39 /* MainViewController.xib in Resources */ = {isa = PBXBuildFile; fileRef = D8A033E228BA42AC00D56A39 /* MainViewController.xib */; };
		D8A033E528BA43D400D56A39 /* ModuleBuilder.swift in Sources */ = {isa = PBXBuildFile; fileRef = D8A033E428BA43D400D56A39 /* ModuleBuilder.swift */; };
		D8A033EA28BA4F7000D56A39 /* MainPresenterTests.swift in Sources */ = {isa = PBXBuildFile; fileRef = D8A033E928BA4F7000D56A39 /* MainPresenterTests.swift */; };
		D8A033ED28BB71D400D56A39 /* Comment.swift in Sources */ = {isa = PBXBuildFile; fileRef = D8A033EC28BB71D400D56A39 /* Comment.swift */; };
		D8A033EF28BB72BF00D56A39 /* NetworkService.swift in Sources */ = {isa = PBXBuildFile; fileRef = D8A033EE28BB72BF00D56A39 /* NetworkService.swift */; };
		D8A033F228BB7F1500D56A39 /* DetailViewPresenter.swift in Sources */ = {isa = PBXBuildFile; fileRef = D8A033F128BB7F1500D56A39 /* DetailViewPresenter.swift */; };
		D8A033F728BB847C00D56A39 /* DetailViewController.swift in Sources */ = {isa = PBXBuildFile; fileRef = D8A033F528BB847C00D56A39 /* DetailViewController.swift */; };
		D8A033F828BB847C00D56A39 /* DetailViewController.xib in Resources */ = {isa = PBXBuildFile; fileRef = D8A033F628BB847C00D56A39 /* DetailViewController.xib */; };
/* End PBXBuildFile section */

/* Begin PBXContainerItemProxy section */
		D8A033B528BA384F00D56A39 /* PBXContainerItemProxy */ = {
			isa = PBXContainerItemProxy;
			containerPortal = D8A0339628BA384E00D56A39 /* Project object */;
			proxyType = 1;
			remoteGlobalIDString = D8A0339D28BA384E00D56A39;
			remoteInfo = MVP_SOLID_TDD;
		};
		D8A033BF28BA384F00D56A39 /* PBXContainerItemProxy */ = {
			isa = PBXContainerItemProxy;
			containerPortal = D8A0339628BA384E00D56A39 /* Project object */;
			proxyType = 1;
			remoteGlobalIDString = D8A0339D28BA384E00D56A39;
			remoteInfo = MVP_SOLID_TDD;
		};
/* End PBXContainerItemProxy section */

/* Begin PBXFileReference section */
		D8A0339E28BA384E00D56A39 /* MVP_SOLID.app */ = {isa = PBXFileReference; explicitFileType = wrapper.application; includeInIndex = 0; path = MVP_SOLID.app; sourceTree = BUILT_PRODUCTS_DIR; };
		D8A033A128BA384E00D56A39 /* AppDelegate.swift */ = {isa = PBXFileReference; lastKnownFileType = sourcecode.swift; path = AppDelegate.swift; sourceTree = "<group>"; };
		D8A033A328BA384E00D56A39 /* SceneDelegate.swift */ = {isa = PBXFileReference; lastKnownFileType = sourcecode.swift; path = SceneDelegate.swift; sourceTree = "<group>"; };
		D8A033A828BA384E00D56A39 /* Base */ = {isa = PBXFileReference; lastKnownFileType = file.storyboard; name = Base; path = Base.lproj/Main.storyboard; sourceTree = "<group>"; };
		D8A033AA28BA384F00D56A39 /* Assets.xcassets */ = {isa = PBXFileReference; lastKnownFileType = folder.assetcatalog; path = Assets.xcassets; sourceTree = "<group>"; };
		D8A033AD28BA384F00D56A39 /* Base */ = {isa = PBXFileReference; lastKnownFileType = file.storyboard; name = Base; path = Base.lproj/LaunchScreen.storyboard; sourceTree = "<group>"; };
		D8A033AF28BA384F00D56A39 /* Info.plist */ = {isa = PBXFileReference; lastKnownFileType = text.plist.xml; path = Info.plist; sourceTree = "<group>"; };
		D8A033B428BA384F00D56A39 /* MVP_SOLIDTests.xctest */ = {isa = PBXFileReference; explicitFileType = wrapper.cfbundle; includeInIndex = 0; path = MVP_SOLIDTests.xctest; sourceTree = BUILT_PRODUCTS_DIR; };
		D8A033BE28BA384F00D56A39 /* MVP_SOLIDUITests.xctest */ = {isa = PBXFileReference; explicitFileType = wrapper.cfbundle; includeInIndex = 0; path = MVP_SOLIDUITests.xctest; sourceTree = BUILT_PRODUCTS_DIR; };
		D8A033C228BA384F00D56A39 /* MVP_SOLID_TDDUITests.swift */ = {isa = PBXFileReference; lastKnownFileType = sourcecode.swift; path = MVP_SOLID_TDDUITests.swift; sourceTree = "<group>"; };
		D8A033C428BA384F00D56A39 /* MVP_SOLID_TDDUITestsLaunchTests.swift */ = {isa = PBXFileReference; lastKnownFileType = sourcecode.swift; path = MVP_SOLID_TDDUITestsLaunchTests.swift; sourceTree = "<group>"; };
		D8A033DC28BA3A0C00D56A39 /* MainViewController.swift */ = {isa = PBXFileReference; lastKnownFileType = sourcecode.swift; path = MainViewController.swift; sourceTree = "<group>"; };
		D8A033DE28BA3A1B00D56A39 /* MainViewPresenter.swift */ = {isa = PBXFileReference; lastKnownFileType = sourcecode.swift; path = MainViewPresenter.swift; sourceTree = "<group>"; };
		D8A033E228BA42AC00D56A39 /* MainViewController.xib */ = {isa = PBXFileReference; lastKnownFileType = file.xib; path = MainViewController.xib; sourceTree = "<group>"; };
		D8A033E428BA43D400D56A39 /* ModuleBuilder.swift */ = {isa = PBXFileReference; lastKnownFileType = sourcecode.swift; path = ModuleBuilder.swift; sourceTree = "<group>"; };
		D8A033E928BA4F7000D56A39 /* MainPresenterTests.swift */ = {isa = PBXFileReference; lastKnownFileType = sourcecode.swift; path = MainPresenterTests.swift; sourceTree = "<group>"; };
		D8A033EC28BB71D400D56A39 /* Comment.swift */ = {isa = PBXFileReference; lastKnownFileType = sourcecode.swift; path = Comment.swift; sourceTree = "<group>"; };
		D8A033EE28BB72BF00D56A39 /* NetworkService.swift */ = {isa = PBXFileReference; lastKnownFileType = sourcecode.swift; path = NetworkService.swift; sourceTree = "<group>"; };
		D8A033F128BB7F1500D56A39 /* DetailViewPresenter.swift */ = {isa = PBXFileReference; lastKnownFileType = sourcecode.swift; path = DetailViewPresenter.swift; sourceTree = "<group>"; };
		D8A033F528BB847C00D56A39 /* DetailViewController.swift */ = {isa = PBXFileReference; lastKnownFileType = sourcecode.swift; path = DetailViewController.swift; sourceTree = "<group>"; };
		D8A033F628BB847C00D56A39 /* DetailViewController.xib */ = {isa = PBXFileReference; lastKnownFileType = file.xib; path = DetailViewController.xib; sourceTree = "<group>"; };
/* End PBXFileReference section */

/* Begin PBXFrameworksBuildPhase section */
		D8A0339B28BA384E00D56A39 /* Frameworks */ = {
			isa = PBXFrameworksBuildPhase;
			buildActionMask = 2147483647;
			files = (
			);
			runOnlyForDeploymentPostprocessing = 0;
		};
		D8A033B128BA384F00D56A39 /* Frameworks */ = {
			isa = PBXFrameworksBuildPhase;
			buildActionMask = 2147483647;
			files = (
			);
			runOnlyForDeploymentPostprocessing = 0;
		};
		D8A033BB28BA384F00D56A39 /* Frameworks */ = {
			isa = PBXFrameworksBuildPhase;
			buildActionMask = 2147483647;
			files = (
			);
			runOnlyForDeploymentPostprocessing = 0;
		};
/* End PBXFrameworksBuildPhase section */

/* Begin PBXGroup section */
		D8A0339528BA384E00D56A39 = {
			isa = PBXGroup;
			children = (
				D8A033A028BA384E00D56A39 /* MVP_SOLID_TDD */,
				D8A033B728BA384F00D56A39 /* MVP_SOLID_TDDTests */,
				D8A033C128BA384F00D56A39 /* MVP_SOLID_TDDUITests */,
				D8A0339F28BA384E00D56A39 /* Products */,
			);
			sourceTree = "<group>";
		};
		D8A0339F28BA384E00D56A39 /* Products */ = {
			isa = PBXGroup;
			children = (
				D8A0339E28BA384E00D56A39 /* MVP_SOLID.app */,
				D8A033B428BA384F00D56A39 /* MVP_SOLIDTests.xctest */,
				D8A033BE28BA384F00D56A39 /* MVP_SOLIDUITests.xctest */,
			);
			name = Products;
			sourceTree = "<group>";
		};
		D8A033A028BA384E00D56A39 /* MVP_SOLID_TDD */ = {
			isa = PBXGroup;
			children = (
				D8A033D828BA39AA00D56A39 /* Modules */,
				D8A033D528BA387A00D56A39 /* Application */,
				D8A033D428BA387000D56A39 /* Resources */,
				D8A033F028BB72C200D56A39 /* ServiceLayer */,
			);
			path = MVP_SOLID_TDD;
			sourceTree = "<group>";
		};
		D8A033B728BA384F00D56A39 /* MVP_SOLID_TDDTests */ = {
			isa = PBXGroup;
			children = (
				D8A033EB28BA4F7800D56A39 /* TestsMainModule */,
			);
			path = MVP_SOLID_TDDTests;
			sourceTree = "<group>";
		};
		D8A033C128BA384F00D56A39 /* MVP_SOLID_TDDUITests */ = {
			isa = PBXGroup;
			children = (
				D8A033C228BA384F00D56A39 /* MVP_SOLID_TDDUITests.swift */,
				D8A033C428BA384F00D56A39 /* MVP_SOLID_TDDUITestsLaunchTests.swift */,
			);
			path = MVP_SOLID_TDDUITests;
			sourceTree = "<group>";
		};
		D8A033D328BA386100D56A39 /* Model */ = {
			isa = PBXGroup;
			children = (
				D8A033EC28BB71D400D56A39 /* Comment.swift */,
			);
			path = Model;
			sourceTree = "<group>";
		};
		D8A033D428BA387000D56A39 /* Resources */ = {
			isa = PBXGroup;
			children = (
				D8A033AA28BA384F00D56A39 /* Assets.xcassets */,
			);
			path = Resources;
			sourceTree = "<group>";
		};
		D8A033D528BA387A00D56A39 /* Application */ = {
			isa = PBXGroup;
			children = (
				D8A033A728BA384E00D56A39 /* Main.storyboard */,
				D8A033AC28BA384F00D56A39 /* LaunchScreen.storyboard */,
				D8A033AF28BA384F00D56A39 /* Info.plist */,
				D8A033A128BA384E00D56A39 /* AppDelegate.swift */,
				D8A033A328BA384E00D56A39 /* SceneDelegate.swift */,
				D8A033E428BA43D400D56A39 /* ModuleBuilder.swift */,
			);
			path = Application;
			sourceTree = "<group>";
		};
		D8A033D828BA39AA00D56A39 /* Modules */ = {
			isa = PBXGroup;
			children = (
				D8A033DB28BA39D900D56A39 /* MainModule */,
				D8A033F328BB7F2A00D56A39 /* DetailModule */,
			);
			path = Modules;
			sourceTree = "<group>";
		};
		D8A033DB28BA39D900D56A39 /* MainModule */ = {
			isa = PBXGroup;
			children = (
				D8A033E028BA422800D56A39 /* View */,
				D8A033E128BA422E00D56A39 /* Presenter */,
				D8A033D328BA386100D56A39 /* Model */,
			);
			path = MainModule;
			sourceTree = "<group>";
		};
		D8A033E028BA422800D56A39 /* View */ = {
			isa = PBXGroup;
			children = (
				D8A033DC28BA3A0C00D56A39 /* MainViewController.swift */,
				D8A033E228BA42AC00D56A39 /* MainViewController.xib */,
			);
			path = View;
			sourceTree = "<group>";
		};
		D8A033E128BA422E00D56A39 /* Presenter */ = {
			isa = PBXGroup;
			children = (
				D8A033DE28BA3A1B00D56A39 /* MainViewPresenter.swift */,
			);
			path = Presenter;
			sourceTree = "<group>";
		};
		D8A033EB28BA4F7800D56A39 /* TestsMainModule */ = {
			isa = PBXGroup;
			children = (
				D8A033E928BA4F7000D56A39 /* MainPresenterTests.swift */,
			);
			path = TestsMainModule;
			sourceTree = "<group>";
		};
		D8A033F028BB72C200D56A39 /* ServiceLayer */ = {
			isa = PBXGroup;
			children = (
				D8A033EE28BB72BF00D56A39 /* NetworkService.swift */,
			);
			path = ServiceLayer;
			sourceTree = "<group>";
		};
		D8A033F328BB7F2A00D56A39 /* DetailModule */ = {
			isa = PBXGroup;
			children = (
				D8A033F428BB808800D56A39 /* Presenter */,
				D8A033F928BB848000D56A39 /* View */,
			);
			path = DetailModule;
			sourceTree = "<group>";
		};
		D8A033F428BB808800D56A39 /* Presenter */ = {
			isa = PBXGroup;
			children = (
				D8A033F128BB7F1500D56A39 /* DetailViewPresenter.swift */,
			);
			path = Presenter;
			sourceTree = "<group>";
		};
		D8A033F928BB848000D56A39 /* View */ = {
			isa = PBXGroup;
			children = (
				D8A033F528BB847C00D56A39 /* DetailViewController.swift */,
				D8A033F628BB847C00D56A39 /* DetailViewController.xib */,
			);
			path = View;
			sourceTree = "<group>";
		};
/* End PBXGroup section */

/* Begin PBXNativeTarget section */
		D8A0339D28BA384E00D56A39 /* MVP_SOLID */ = {
			isa = PBXNativeTarget;
			buildConfigurationList = D8A033C828BA384F00D56A39 /* Build configuration list for PBXNativeTarget "MVP_SOLID" */;
			buildPhases = (
				D8A0339A28BA384E00D56A39 /* Sources */,
				D8A0339B28BA384E00D56A39 /* Frameworks */,
				D8A0339C28BA384E00D56A39 /* Resources */,
			);
			buildRules = (
			);
			dependencies = (
			);
			name = MVP_SOLID;
			productName = MVP_SOLID_TDD;
			productReference = D8A0339E28BA384E00D56A39 /* MVP_SOLID.app */;
			productType = "com.apple.product-type.application";
		};
		D8A033B328BA384F00D56A39 /* MVP_SOLIDTests */ = {
			isa = PBXNativeTarget;
			buildConfigurationList = D8A033CB28BA384F00D56A39 /* Build configuration list for PBXNativeTarget "MVP_SOLIDTests" */;
			buildPhases = (
				D8A033B028BA384F00D56A39 /* Sources */,
				D8A033B128BA384F00D56A39 /* Frameworks */,
				D8A033B228BA384F00D56A39 /* Resources */,
			);
			buildRules = (
			);
			dependencies = (
				D8A033B628BA384F00D56A39 /* PBXTargetDependency */,
			);
			name = MVP_SOLIDTests;
			productName = MVP_SOLID_TDDTests;
			productReference = D8A033B428BA384F00D56A39 /* MVP_SOLIDTests.xctest */;
			productType = "com.apple.product-type.bundle.unit-test";
		};
		D8A033BD28BA384F00D56A39 /* MVP_SOLIDUITests */ = {
			isa = PBXNativeTarget;
			buildConfigurationList = D8A033CE28BA384F00D56A39 /* Build configuration list for PBXNativeTarget "MVP_SOLIDUITests" */;
			buildPhases = (
				D8A033BA28BA384F00D56A39 /* Sources */,
				D8A033BB28BA384F00D56A39 /* Frameworks */,
				D8A033BC28BA384F00D56A39 /* Resources */,
			);
			buildRules = (
			);
			dependencies = (
				D8A033C028BA384F00D56A39 /* PBXTargetDependency */,
			);
			name = MVP_SOLIDUITests;
			productName = MVP_SOLID_TDDUITests;
			productReference = D8A033BE28BA384F00D56A39 /* MVP_SOLIDUITests.xctest */;
			productType = "com.apple.product-type.bundle.ui-testing";
		};
/* End PBXNativeTarget section */

/* Begin PBXProject section */
		D8A0339628BA384E00D56A39 /* Project object */ = {
			isa = PBXProject;
			attributes = {
				BuildIndependentTargetsInParallel = 1;
				LastSwiftUpdateCheck = 1340;
				LastUpgradeCheck = 1340;
				TargetAttributes = {
					D8A0339D28BA384E00D56A39 = {
						CreatedOnToolsVersion = 13.4.1;
					};
					D8A033B328BA384F00D56A39 = {
						CreatedOnToolsVersion = 13.4.1;
						TestTargetID = D8A0339D28BA384E00D56A39;
					};
					D8A033BD28BA384F00D56A39 = {
						CreatedOnToolsVersion = 13.4.1;
						TestTargetID = D8A0339D28BA384E00D56A39;
					};
				};
			};
			buildConfigurationList = D8A0339928BA384E00D56A39 /* Build configuration list for PBXProject "MVP_SOLID" */;
			compatibilityVersion = "Xcode 13.0";
			developmentRegion = en;
			hasScannedForEncodings = 0;
			knownRegions = (
				en,
				Base,
			);
			mainGroup = D8A0339528BA384E00D56A39;
			productRefGroup = D8A0339F28BA384E00D56A39 /* Products */;
			projectDirPath = "";
			projectRoot = "";
			targets = (
				D8A0339D28BA384E00D56A39 /* MVP_SOLID */,
				D8A033B328BA384F00D56A39 /* MVP_SOLIDTests */,
				D8A033BD28BA384F00D56A39 /* MVP_SOLIDUITests */,
			);
		};
/* End PBXProject section */

/* Begin PBXResourcesBuildPhase section */
		D8A0339C28BA384E00D56A39 /* Resources */ = {
			isa = PBXResourcesBuildPhase;
			buildActionMask = 2147483647;
			files = (
				D8A033AE28BA384F00D56A39 /* LaunchScreen.storyboard in Resources */,
				D8A033AB28BA384F00D56A39 /* Assets.xcassets in Resources */,
				D8A033F828BB847C00D56A39 /* DetailViewController.xib in Resources */,
				D8A033A928BA384E00D56A39 /* Main.storyboard in Resources */,
				D8A033E328BA42AC00D56A39 /* MainViewController.xib in Resources */,
			);
			runOnlyForDeploymentPostprocessing = 0;
		};
		D8A033B228BA384F00D56A39 /* Resources */ = {
			isa = PBXResourcesBuildPhase;
			buildActionMask = 2147483647;
			files = (
			);
			runOnlyForDeploymentPostprocessing = 0;
		};
		D8A033BC28BA384F00D56A39 /* Resources */ = {
			isa = PBXResourcesBuildPhase;
			buildActionMask = 2147483647;
			files = (
			);
			runOnlyForDeploymentPostprocessing = 0;
		};
/* End PBXResourcesBuildPhase section */

/* Begin PBXSourcesBuildPhase section */
		D8A0339A28BA384E00D56A39 /* Sources */ = {
			isa = PBXSourcesBuildPhase;
			buildActionMask = 2147483647;
			files = (
				D8A033F728BB847C00D56A39 /* DetailViewController.swift in Sources */,
				D8A033A228BA384E00D56A39 /* AppDelegate.swift in Sources */,
				D8A033EF28BB72BF00D56A39 /* NetworkService.swift in Sources */,
				D8A033DF28BA3A1B00D56A39 /* MainViewPresenter.swift in Sources */,
				D8A033F228BB7F1500D56A39 /* DetailViewPresenter.swift in Sources */,
				D8A033ED28BB71D400D56A39 /* Comment.swift in Sources */,
				D8A033A428BA384E00D56A39 /* SceneDelegate.swift in Sources */,
				D8A033DD28BA3A0C00D56A39 /* MainViewController.swift in Sources */,
				D8A033E528BA43D400D56A39 /* ModuleBuilder.swift in Sources */,
			);
			runOnlyForDeploymentPostprocessing = 0;
		};
		D8A033B028BA384F00D56A39 /* Sources */ = {
			isa = PBXSourcesBuildPhase;
			buildActionMask = 2147483647;
			files = (
				D8A033EA28BA4F7000D56A39 /* MainPresenterTests.swift in Sources */,
			);
			runOnlyForDeploymentPostprocessing = 0;
		};
		D8A033BA28BA384F00D56A39 /* Sources */ = {
			isa = PBXSourcesBuildPhase;
			buildActionMask = 2147483647;
			files = (
				D8A033C328BA384F00D56A39 /* MVP_SOLID_TDDUITests.swift in Sources */,
				D8A033C528BA384F00D56A39 /* MVP_SOLID_TDDUITestsLaunchTests.swift in Sources */,
			);
			runOnlyForDeploymentPostprocessing = 0;
		};
/* End PBXSourcesBuildPhase section */

/* Begin PBXTargetDependency section */
		D8A033B628BA384F00D56A39 /* PBXTargetDependency */ = {
			isa = PBXTargetDependency;
			target = D8A0339D28BA384E00D56A39 /* MVP_SOLID */;
			targetProxy = D8A033B528BA384F00D56A39 /* PBXContainerItemProxy */;
		};
		D8A033C028BA384F00D56A39 /* PBXTargetDependency */ = {
			isa = PBXTargetDependency;
			target = D8A0339D28BA384E00D56A39 /* MVP_SOLID */;
			targetProxy = D8A033BF28BA384F00D56A39 /* PBXContainerItemProxy */;
		};
/* End PBXTargetDependency section */

/* Begin PBXVariantGroup section */
		D8A033A728BA384E00D56A39 /* Main.storyboard */ = {
			isa = PBXVariantGroup;
			children = (
				D8A033A828BA384E00D56A39 /* Base */,
			);
			name = Main.storyboard;
			sourceTree = "<group>";
		};
		D8A033AC28BA384F00D56A39 /* LaunchScreen.storyboard */ = {
			isa = PBXVariantGroup;
			children = (
				D8A033AD28BA384F00D56A39 /* Base */,
			);
			name = LaunchScreen.storyboard;
			sourceTree = "<group>";
		};
/* End PBXVariantGroup section */

/* Begin XCBuildConfiguration section */
		D8A033C628BA384F00D56A39 /* Debug */ = {
			isa = XCBuildConfiguration;
			buildSettings = {
				ALWAYS_SEARCH_USER_PATHS = NO;
				CLANG_ANALYZER_NONNULL = YES;
				CLANG_ANALYZER_NUMBER_OBJECT_CONVERSION = YES_AGGRESSIVE;
				CLANG_CXX_LANGUAGE_STANDARD = "gnu++17";
				CLANG_ENABLE_MODULES = YES;
				CLANG_ENABLE_OBJC_ARC = YES;
				CLANG_ENABLE_OBJC_WEAK = YES;
				CLANG_WARN_BLOCK_CAPTURE_AUTORELEASING = YES;
				CLANG_WARN_BOOL_CONVERSION = YES;
				CLANG_WARN_COMMA = YES;
				CLANG_WARN_CONSTANT_CONVERSION = YES;
				CLANG_WARN_DEPRECATED_OBJC_IMPLEMENTATIONS = YES;
				CLANG_WARN_DIRECT_OBJC_ISA_USAGE = YES_ERROR;
				CLANG_WARN_DOCUMENTATION_COMMENTS = YES;
				CLANG_WARN_EMPTY_BODY = YES;
				CLANG_WARN_ENUM_CONVERSION = YES;
				CLANG_WARN_INFINITE_RECURSION = YES;
				CLANG_WARN_INT_CONVERSION = YES;
				CLANG_WARN_NON_LITERAL_NULL_CONVERSION = YES;
				CLANG_WARN_OBJC_IMPLICIT_RETAIN_SELF = YES;
				CLANG_WARN_OBJC_LITERAL_CONVERSION = YES;
				CLANG_WARN_OBJC_ROOT_CLASS = YES_ERROR;
				CLANG_WARN_QUOTED_INCLUDE_IN_FRAMEWORK_HEADER = YES;
				CLANG_WARN_RANGE_LOOP_ANALYSIS = YES;
				CLANG_WARN_STRICT_PROTOTYPES = YES;
				CLANG_WARN_SUSPICIOUS_MOVE = YES;
				CLANG_WARN_UNGUARDED_AVAILABILITY = YES_AGGRESSIVE;
				CLANG_WARN_UNREACHABLE_CODE = YES;
				CLANG_WARN__DUPLICATE_METHOD_MATCH = YES;
				COPY_PHASE_STRIP = NO;
				DEBUG_INFORMATION_FORMAT = dwarf;
				ENABLE_STRICT_OBJC_MSGSEND = YES;
				ENABLE_TESTABILITY = YES;
				GCC_C_LANGUAGE_STANDARD = gnu11;
				GCC_DYNAMIC_NO_PIC = NO;
				GCC_NO_COMMON_BLOCKS = YES;
				GCC_OPTIMIZATION_LEVEL = 0;
				GCC_PREPROCESSOR_DEFINITIONS = (
					"DEBUG=1",
					"$(inherited)",
				);
				GCC_WARN_64_TO_32_BIT_CONVERSION = YES;
				GCC_WARN_ABOUT_RETURN_TYPE = YES_ERROR;
				GCC_WARN_UNDECLARED_SELECTOR = YES;
				GCC_WARN_UNINITIALIZED_AUTOS = YES_AGGRESSIVE;
				GCC_WARN_UNUSED_FUNCTION = YES;
				GCC_WARN_UNUSED_VARIABLE = YES;
				IPHONEOS_DEPLOYMENT_TARGET = 15.5;
				MTL_ENABLE_DEBUG_INFO = INCLUDE_SOURCE;
				MTL_FAST_MATH = YES;
				ONLY_ACTIVE_ARCH = YES;
				SDKROOT = iphoneos;
				SWIFT_ACTIVE_COMPILATION_CONDITIONS = DEBUG;
				SWIFT_OPTIMIZATION_LEVEL = "-Onone";
			};
			name = Debug;
		};
		D8A033C728BA384F00D56A39 /* Release */ = {
			isa = XCBuildConfiguration;
			buildSettings = {
				ALWAYS_SEARCH_USER_PATHS = NO;
				CLANG_ANALYZER_NONNULL = YES;
				CLANG_ANALYZER_NUMBER_OBJECT_CONVERSION = YES_AGGRESSIVE;
				CLANG_CXX_LANGUAGE_STANDARD = "gnu++17";
				CLANG_ENABLE_MODULES = YES;
				CLANG_ENABLE_OBJC_ARC = YES;
				CLANG_ENABLE_OBJC_WEAK = YES;
				CLANG_WARN_BLOCK_CAPTURE_AUTORELEASING = YES;
				CLANG_WARN_BOOL_CONVERSION = YES;
				CLANG_WARN_COMMA = YES;
				CLANG_WARN_CONSTANT_CONVERSION = YES;
				CLANG_WARN_DEPRECATED_OBJC_IMPLEMENTATIONS = YES;
				CLANG_WARN_DIRECT_OBJC_ISA_USAGE = YES_ERROR;
				CLANG_WARN_DOCUMENTATION_COMMENTS = YES;
				CLANG_WARN_EMPTY_BODY = YES;
				CLANG_WARN_ENUM_CONVERSION = YES;
				CLANG_WARN_INFINITE_RECURSION = YES;
				CLANG_WARN_INT_CONVERSION = YES;
				CLANG_WARN_NON_LITERAL_NULL_CONVERSION = YES;
				CLANG_WARN_OBJC_IMPLICIT_RETAIN_SELF = YES;
				CLANG_WARN_OBJC_LITERAL_CONVERSION = YES;
				CLANG_WARN_OBJC_ROOT_CLASS = YES_ERROR;
				CLANG_WARN_QUOTED_INCLUDE_IN_FRAMEWORK_HEADER = YES;
				CLANG_WARN_RANGE_LOOP_ANALYSIS = YES;
				CLANG_WARN_STRICT_PROTOTYPES = YES;
				CLANG_WARN_SUSPICIOUS_MOVE = YES;
				CLANG_WARN_UNGUARDED_AVAILABILITY = YES_AGGRESSIVE;
				CLANG_WARN_UNREACHABLE_CODE = YES;
				CLANG_WARN__DUPLICATE_METHOD_MATCH = YES;
				COPY_PHASE_STRIP = NO;
				DEBUG_INFORMATION_FORMAT = "dwarf-with-dsym";
				ENABLE_NS_ASSERTIONS = NO;
				ENABLE_STRICT_OBJC_MSGSEND = YES;
				GCC_C_LANGUAGE_STANDARD = gnu11;
				GCC_NO_COMMON_BLOCKS = YES;
				GCC_WARN_64_TO_32_BIT_CONVERSION = YES;
				GCC_WARN_ABOUT_RETURN_TYPE = YES_ERROR;
				GCC_WARN_UNDECLARED_SELECTOR = YES;
				GCC_WARN_UNINITIALIZED_AUTOS = YES_AGGRESSIVE;
				GCC_WARN_UNUSED_FUNCTION = YES;
				GCC_WARN_UNUSED_VARIABLE = YES;
				IPHONEOS_DEPLOYMENT_TARGET = 15.5;
				MTL_ENABLE_DEBUG_INFO = NO;
				MTL_FAST_MATH = YES;
				SDKROOT = iphoneos;
				SWIFT_COMPILATION_MODE = wholemodule;
				SWIFT_OPTIMIZATION_LEVEL = "-O";
				VALIDATE_PRODUCT = YES;
			};
			name = Release;
		};
		D8A033C928BA384F00D56A39 /* Debug */ = {
			isa = XCBuildConfiguration;
			buildSettings = {
				ASSETCATALOG_COMPILER_APPICON_NAME = AppIcon;
				ASSETCATALOG_COMPILER_GLOBAL_ACCENT_COLOR_NAME = AccentColor;
				CODE_SIGN_STYLE = Automatic;
				CURRENT_PROJECT_VERSION = 1;
				DEVELOPMENT_TEAM = RV92NSXQKZ;
				GENERATE_INFOPLIST_FILE = YES;
				INFOPLIST_FILE = MVP_SOLID_TDD/Application/Info.plist;
				INFOPLIST_KEY_UIApplicationSupportsIndirectInputEvents = YES;
				INFOPLIST_KEY_UILaunchStoryboardName = LaunchScreen;
				INFOPLIST_KEY_UIMainStoryboardFile = Main;
				INFOPLIST_KEY_UISupportedInterfaceOrientations_iPad = "UIInterfaceOrientationPortrait UIInterfaceOrientationPortraitUpsideDown UIInterfaceOrientationLandscapeLeft UIInterfaceOrientationLandscapeRight";
				INFOPLIST_KEY_UISupportedInterfaceOrientations_iPhone = "UIInterfaceOrientationPortrait UIInterfaceOrientationLandscapeLeft UIInterfaceOrientationLandscapeRight";
				LD_RUNPATH_SEARCH_PATHS = (
					"$(inherited)",
					"@executable_path/Frameworks",
				);
				MARKETING_VERSION = 1.0;
				PRODUCT_BUNDLE_IDENTIFIER = "ru.nechaev.MVP-SOLID-TDD";
				PRODUCT_NAME = "$(TARGET_NAME)";
				SWIFT_EMIT_LOC_STRINGS = YES;
				SWIFT_VERSION = 5.0;
				TARGETED_DEVICE_FAMILY = "1,2";
			};
			name = Debug;
		};
		D8A033CA28BA384F00D56A39 /* Release */ = {
			isa = XCBuildConfiguration;
			buildSettings = {
				ASSETCATALOG_COMPILER_APPICON_NAME = AppIcon;
				ASSETCATALOG_COMPILER_GLOBAL_ACCENT_COLOR_NAME = AccentColor;
				CODE_SIGN_STYLE = Automatic;
				CURRENT_PROJECT_VERSION = 1;
				DEVELOPMENT_TEAM = RV92NSXQKZ;
				GENERATE_INFOPLIST_FILE = YES;
				INFOPLIST_FILE = MVP_SOLID_TDD/Application/Info.plist;
				INFOPLIST_KEY_UIApplicationSupportsIndirectInputEvents = YES;
				INFOPLIST_KEY_UILaunchStoryboardName = LaunchScreen;
				INFOPLIST_KEY_UIMainStoryboardFile = Main;
				INFOPLIST_KEY_UISupportedInterfaceOrientations_iPad = "UIInterfaceOrientationPortrait UIInterfaceOrientationPortraitUpsideDown UIInterfaceOrientationLandscapeLeft UIInterfaceOrientationLandscapeRight";
				INFOPLIST_KEY_UISupportedInterfaceOrientations_iPhone = "UIInterfaceOrientationPortrait UIInterfaceOrientationLandscapeLeft UIInterfaceOrientationLandscapeRight";
				LD_RUNPATH_SEARCH_PATHS = (
					"$(inherited)",
					"@executable_path/Frameworks",
				);
				MARKETING_VERSION = 1.0;
				PRODUCT_BUNDLE_IDENTIFIER = "ru.nechaev.MVP-SOLID-TDD";
				PRODUCT_NAME = "$(TARGET_NAME)";
				SWIFT_EMIT_LOC_STRINGS = YES;
				SWIFT_VERSION = 5.0;
				TARGETED_DEVICE_FAMILY = "1,2";
			};
			name = Release;
		};
		D8A033CC28BA384F00D56A39 /* Debug */ = {
			isa = XCBuildConfiguration;
			buildSettings = {
				ALWAYS_EMBED_SWIFT_STANDARD_LIBRARIES = YES;
				BUNDLE_LOADER = "$(TEST_HOST)";
				CODE_SIGN_STYLE = Automatic;
				CURRENT_PROJECT_VERSION = 1;
				DEVELOPMENT_TEAM = RV92NSXQKZ;
				GENERATE_INFOPLIST_FILE = YES;
				IPHONEOS_DEPLOYMENT_TARGET = 15.5;
				MARKETING_VERSION = 1.0;
				PRODUCT_BUNDLE_IDENTIFIER = "ru.nechaev.MVP-SOLID-TDDTests";
				PRODUCT_NAME = "$(TARGET_NAME)";
				SWIFT_EMIT_LOC_STRINGS = NO;
				SWIFT_VERSION = 5.0;
				TARGETED_DEVICE_FAMILY = "1,2";
				TEST_HOST = "$(BUILT_PRODUCTS_DIR)/MVP_SOLID.app/MVP_SOLID";
			};
			name = Debug;
		};
		D8A033CD28BA384F00D56A39 /* Release */ = {
			isa = XCBuildConfiguration;
			buildSettings = {
				ALWAYS_EMBED_SWIFT_STANDARD_LIBRARIES = YES;
				BUNDLE_LOADER = "$(TEST_HOST)";
				CODE_SIGN_STYLE = Automatic;
				CURRENT_PROJECT_VERSION = 1;
				DEVELOPMENT_TEAM = RV92NSXQKZ;
				GENERATE_INFOPLIST_FILE = YES;
				IPHONEOS_DEPLOYMENT_TARGET = 15.5;
				MARKETING_VERSION = 1.0;
				PRODUCT_BUNDLE_IDENTIFIER = "ru.nechaev.MVP-SOLID-TDDTests";
				PRODUCT_NAME = "$(TARGET_NAME)";
				SWIFT_EMIT_LOC_STRINGS = NO;
				SWIFT_VERSION = 5.0;
				TARGETED_DEVICE_FAMILY = "1,2";
				TEST_HOST = "$(BUILT_PRODUCTS_DIR)/MVP_SOLID.app/MVP_SOLID";
			};
			name = Release;
		};
		D8A033CF28BA384F00D56A39 /* Debug */ = {
			isa = XCBuildConfiguration;
			buildSettings = {
				ALWAYS_EMBED_SWIFT_STANDARD_LIBRARIES = YES;
				CODE_SIGN_STYLE = Automatic;
				CURRENT_PROJECT_VERSION = 1;
				DEVELOPMENT_TEAM = RV92NSXQKZ;
				GENERATE_INFOPLIST_FILE = YES;
				MARKETING_VERSION = 1.0;
				PRODUCT_BUNDLE_IDENTIFIER = "ru.nechaev.MVP-SOLID-TDDUITests";
				PRODUCT_NAME = "$(TARGET_NAME)";
				SWIFT_EMIT_LOC_STRINGS = NO;
				SWIFT_VERSION = 5.0;
				TARGETED_DEVICE_FAMILY = "1,2";
				TEST_TARGET_NAME = MVP_SOLID_TDD;
			};
			name = Debug;
		};
		D8A033D028BA384F00D56A39 /* Release */ = {
			isa = XCBuildConfiguration;
			buildSettings = {
				ALWAYS_EMBED_SWIFT_STANDARD_LIBRARIES = YES;
				CODE_SIGN_STYLE = Automatic;
				CURRENT_PROJECT_VERSION = 1;
				DEVELOPMENT_TEAM = RV92NSXQKZ;
				GENERATE_INFOPLIST_FILE = YES;
				MARKETING_VERSION = 1.0;
				PRODUCT_BUNDLE_IDENTIFIER = "ru.nechaev.MVP-SOLID-TDDUITests";
				PRODUCT_NAME = "$(TARGET_NAME)";
				SWIFT_EMIT_LOC_STRINGS = NO;
				SWIFT_VERSION = 5.0;
				TARGETED_DEVICE_FAMILY = "1,2";
				TEST_TARGET_NAME = MVP_SOLID_TDD;
			};
			name = Release;
		};
/* End XCBuildConfiguration section */

/* Begin XCConfigurationList section */
		D8A0339928BA384E00D56A39 /* Build configuration list for PBXProject "MVP_SOLID" */ = {
			isa = XCConfigurationList;
			buildConfigurations = (
				D8A033C628BA384F00D56A39 /* Debug */,
				D8A033C728BA384F00D56A39 /* Release */,
			);
			defaultConfigurationIsVisible = 0;
			defaultConfigurationName = Release;
		};
		D8A033C828BA384F00D56A39 /* Build configuration list for PBXNativeTarget "MVP_SOLID" */ = {
			isa = XCConfigurationList;
			buildConfigurations = (
				D8A033C928BA384F00D56A39 /* Debug */,
				D8A033CA28BA384F00D56A39 /* Release */,
			);
			defaultConfigurationIsVisible = 0;
			defaultConfigurationName = Release;
		};
		D8A033CB28BA384F00D56A39 /* Build configuration list for PBXNativeTarget "MVP_SOLIDTests" */ = {
			isa = XCConfigurationList;
			buildConfigurations = (
				D8A033CC28BA384F00D56A39 /* Debug */,
				D8A033CD28BA384F00D56A39 /* Release */,
			);
			defaultConfigurationIsVisible = 0;
			defaultConfigurationName = Release;
		};
		D8A033CE28BA384F00D56A39 /* Build configuration list for PBXNativeTarget "MVP_SOLIDUITests" */ = {
			isa = XCConfigurationList;
			buildConfigurations = (
				D8A033CF28BA384F00D56A39 /* Debug */,
				D8A033D028BA384F00D56A39 /* Release */,
			);
			defaultConfigurationIsVisible = 0;
			defaultConfigurationName = Release;
		};
/* End XCConfigurationList section */
	};
	rootObject = D8A0339628BA384E00D56A39 /* Project object */;
}
